// !$*UTF8*$!
{
	archiveVersion = 1;
	classes = {
	};
	objectVersion = 55;
	objects = {

/* Begin PBXBuildFile section */
		C7335B3629116259008739E6 /* DateValidator.swift in Sources */ = {isa = PBXBuildFile; fileRef = C7335B3529116259008739E6 /* DateValidator.swift */; };
		C7335B382912B424008739E6 /* EmailValidator.swift in Sources */ = {isa = PBXBuildFile; fileRef = C7335B372912B424008739E6 /* EmailValidator.swift */; };
		C7335B3A2912B4FC008739E6 /* MobileValidator.swift in Sources */ = {isa = PBXBuildFile; fileRef = C7335B392912B4FC008739E6 /* MobileValidator.swift */; };
		C7335B3F29142BEF008739E6 /* StudentErrors.swift in Sources */ = {isa = PBXBuildFile; fileRef = C7335B3E29142BEF008739E6 /* StudentErrors.swift */; };
		C7335B73291606DD008739E6 /* AddressValidator.swift in Sources */ = {isa = PBXBuildFile; fileRef = C7335B72291606DD008739E6 /* AddressValidator.swift */; };
		C7335B75291632DA008739E6 /* StudentValidator.swift in Sources */ = {isa = PBXBuildFile; fileRef = C7335B74291632D9008739E6 /* StudentValidator.swift */; };
		C7335B7729164E32008739E6 /* Validators.swift in Sources */ = {isa = PBXBuildFile; fileRef = C7335B7629164E32008739E6 /* Validators.swift */; };
		C74C844C2900795800FB7754 /* AppDelegate.swift in Sources */ = {isa = PBXBuildFile; fileRef = C74C844B2900795800FB7754 /* AppDelegate.swift */; };
		C74C844E2900795800FB7754 /* SceneDelegate.swift in Sources */ = {isa = PBXBuildFile; fileRef = C74C844D2900795800FB7754 /* SceneDelegate.swift */; };
		C74C84502900795800FB7754 /* ViewController.swift in Sources */ = {isa = PBXBuildFile; fileRef = C74C844F2900795800FB7754 /* ViewController.swift */; };
		C74C84532900795800FB7754 /* Main.storyboard in Resources */ = {isa = PBXBuildFile; fileRef = C74C84512900795800FB7754 /* Main.storyboard */; };
		C74C84552900795B00FB7754 /* Assets.xcassets in Resources */ = {isa = PBXBuildFile; fileRef = C74C84542900795B00FB7754 /* Assets.xcassets */; };
		C74C84582900795B00FB7754 /* LaunchScreen.storyboard in Resources */ = {isa = PBXBuildFile; fileRef = C74C84562900795B00FB7754 /* LaunchScreen.storyboard */; };
		C78C0FFF290A001F0095BE85 /* FacultyViewController.swift in Sources */ = {isa = PBXBuildFile; fileRef = C78C0FFE290A001F0095BE85 /* FacultyViewController.swift */; };
		C78C1001290A00E70095BE85 /* StudentViewController.swift in Sources */ = {isa = PBXBuildFile; fileRef = C78C1000290A00E70095BE85 /* StudentViewController.swift */; };
		C78C1003290A03010095BE85 /* EmployeeViewController.swift in Sources */ = {isa = PBXBuildFile; fileRef = C78C1002290A03010095BE85 /* EmployeeViewController.swift */; };
		C78C1005290A031B0095BE85 /* AlumniViewController.swift in Sources */ = {isa = PBXBuildFile; fileRef = C78C1004290A031B0095BE85 /* AlumniViewController.swift */; };
		C78C1009290B99BB0095BE85 /* Person.swift in Sources */ = {isa = PBXBuildFile; fileRef = C78C1008290B99BB0095BE85 /* Person.swift */; };
		C78C100B290BA8AA0095BE85 /* Student.swift in Sources */ = {isa = PBXBuildFile; fileRef = C78C100A290BA8AA0095BE85 /* Student.swift */; };
		C78C100D290BAFC00095BE85 /* StudentCreateViewController.swift in Sources */ = {isa = PBXBuildFile; fileRef = C78C100C290BAFC00095BE85 /* StudentCreateViewController.swift */; };
		C78C1014290BBBA00095BE85 /* StudentEditViewController.swift in Sources */ = {isa = PBXBuildFile; fileRef = C78C1013290BBBA00095BE85 /* StudentEditViewController.swift */; };
		C78C1018290CC37A0095BE85 /* GlobalVariables.swift in Sources */ = {isa = PBXBuildFile; fileRef = C78C1017290CC37A0095BE85 /* GlobalVariables.swift */; };
		C78C101A290E2D020095BE85 /* StudentDisplayViewController.swift in Sources */ = {isa = PBXBuildFile; fileRef = C78C1019290E2D020095BE85 /* StudentDisplayViewController.swift */; };
		C78C1024290E4A420095BE85 /* Faculty.swift in Sources */ = {isa = PBXBuildFile; fileRef = C78C1023290E4A420095BE85 /* Faculty.swift */; };
		C78C1026290E4A540095BE85 /* Employee.swift in Sources */ = {isa = PBXBuildFile; fileRef = C78C1025290E4A540095BE85 /* Employee.swift */; };
		C78C1028290E4A670095BE85 /* Alumni.swift in Sources */ = {isa = PBXBuildFile; fileRef = C78C1027290E4A670095BE85 /* Alumni.swift */; };
		C78C102E290E7EC40095BE85 /* StudentEditUpdateViewController.swift in Sources */ = {isa = PBXBuildFile; fileRef = C78C102D290E7EC40095BE85 /* StudentEditUpdateViewController.swift */; };
		C78C1031290FEC210095BE85 /* PersonErrors.swift in Sources */ = {isa = PBXBuildFile; fileRef = C78C1030290FEC210095BE85 /* PersonErrors.swift */; };
		C78C10332910023C0095BE85 /* Errors.swift in Sources */ = {isa = PBXBuildFile; fileRef = C78C10322910023C0095BE85 /* Errors.swift */; };
		C78C1036291004FF0095BE85 /* Name.swift in Sources */ = {isa = PBXBuildFile; fileRef = C78C1035291004FF0095BE85 /* Name.swift */; };
		C78C1038291005300095BE85 /* Date.swift in Sources */ = {isa = PBXBuildFile; fileRef = C78C1037291005300095BE85 /* Date.swift */; };
		C78C103A2910057A0095BE85 /* Address.swift in Sources */ = {isa = PBXBuildFile; fileRef = C78C10392910057A0095BE85 /* Address.swift */; };
/* End PBXBuildFile section */

/* Begin PBXFileReference section */
		C7335B3529116259008739E6 /* DateValidator.swift */ = {isa = PBXFileReference; lastKnownFileType = sourcecode.swift; path = DateValidator.swift; sourceTree = "<group>"; };
		C7335B372912B424008739E6 /* EmailValidator.swift */ = {isa = PBXFileReference; lastKnownFileType = sourcecode.swift; path = EmailValidator.swift; sourceTree = "<group>"; };
		C7335B392912B4FC008739E6 /* MobileValidator.swift */ = {isa = PBXFileReference; lastKnownFileType = sourcecode.swift; path = MobileValidator.swift; sourceTree = "<group>"; };
		C7335B3E29142BEF008739E6 /* StudentErrors.swift */ = {isa = PBXFileReference; lastKnownFileType = sourcecode.swift; path = StudentErrors.swift; sourceTree = "<group>"; };
		C7335B72291606DD008739E6 /* AddressValidator.swift */ = {isa = PBXFileReference; lastKnownFileType = sourcecode.swift; path = AddressValidator.swift; sourceTree = "<group>"; };
		C7335B74291632D9008739E6 /* StudentValidator.swift */ = {isa = PBXFileReference; lastKnownFileType = sourcecode.swift; path = StudentValidator.swift; sourceTree = "<group>"; };
		C7335B7629164E32008739E6 /* Validators.swift */ = {isa = PBXFileReference; lastKnownFileType = sourcecode.swift; path = Validators.swift; sourceTree = "<group>"; };
		C74C84482900795800FB7754 /* Profile Management System.app */ = {isa = PBXFileReference; explicitFileType = wrapper.application; includeInIndex = 0; path = "Profile Management System.app"; sourceTree = BUILT_PRODUCTS_DIR; };
		C74C844B2900795800FB7754 /* AppDelegate.swift */ = {isa = PBXFileReference; lastKnownFileType = sourcecode.swift; path = AppDelegate.swift; sourceTree = "<group>"; };
		C74C844D2900795800FB7754 /* SceneDelegate.swift */ = {isa = PBXFileReference; lastKnownFileType = sourcecode.swift; path = SceneDelegate.swift; sourceTree = "<group>"; };
		C74C844F2900795800FB7754 /* ViewController.swift */ = {isa = PBXFileReference; lastKnownFileType = sourcecode.swift; path = ViewController.swift; sourceTree = "<group>"; };
		C74C84522900795800FB7754 /* Base */ = {isa = PBXFileReference; lastKnownFileType = file.storyboard; name = Base; path = Base.lproj/Main.storyboard; sourceTree = "<group>"; };
		C74C84542900795B00FB7754 /* Assets.xcassets */ = {isa = PBXFileReference; lastKnownFileType = folder.assetcatalog; path = Assets.xcassets; sourceTree = "<group>"; };
		C74C84572900795B00FB7754 /* Base */ = {isa = PBXFileReference; lastKnownFileType = file.storyboard; name = Base; path = Base.lproj/LaunchScreen.storyboard; sourceTree = "<group>"; };
		C74C84592900795B00FB7754 /* Info.plist */ = {isa = PBXFileReference; lastKnownFileType = text.plist.xml; path = Info.plist; sourceTree = "<group>"; };
		C78C0FFE290A001F0095BE85 /* FacultyViewController.swift */ = {isa = PBXFileReference; lastKnownFileType = sourcecode.swift; path = FacultyViewController.swift; sourceTree = "<group>"; };
		C78C1000290A00E70095BE85 /* StudentViewController.swift */ = {isa = PBXFileReference; lastKnownFileType = sourcecode.swift; path = StudentViewController.swift; sourceTree = "<group>"; };
		C78C1002290A03010095BE85 /* EmployeeViewController.swift */ = {isa = PBXFileReference; lastKnownFileType = sourcecode.swift; path = EmployeeViewController.swift; sourceTree = "<group>"; };
		C78C1004290A031B0095BE85 /* AlumniViewController.swift */ = {isa = PBXFileReference; lastKnownFileType = sourcecode.swift; path = AlumniViewController.swift; sourceTree = "<group>"; };
		C78C1008290B99BB0095BE85 /* Person.swift */ = {isa = PBXFileReference; lastKnownFileType = sourcecode.swift; path = Person.swift; sourceTree = "<group>"; };
		C78C100A290BA8AA0095BE85 /* Student.swift */ = {isa = PBXFileReference; lastKnownFileType = sourcecode.swift; path = Student.swift; sourceTree = "<group>"; };
		C78C100C290BAFC00095BE85 /* StudentCreateViewController.swift */ = {isa = PBXFileReference; lastKnownFileType = sourcecode.swift; path = StudentCreateViewController.swift; sourceTree = "<group>"; };
		C78C1013290BBBA00095BE85 /* StudentEditViewController.swift */ = {isa = PBXFileReference; lastKnownFileType = sourcecode.swift; path = StudentEditViewController.swift; sourceTree = "<group>"; };
		C78C1017290CC37A0095BE85 /* GlobalVariables.swift */ = {isa = PBXFileReference; lastKnownFileType = sourcecode.swift; path = GlobalVariables.swift; sourceTree = "<group>"; };
		C78C1019290E2D020095BE85 /* StudentDisplayViewController.swift */ = {isa = PBXFileReference; lastKnownFileType = sourcecode.swift; path = StudentDisplayViewController.swift; sourceTree = "<group>"; };
		C78C1023290E4A420095BE85 /* Faculty.swift */ = {isa = PBXFileReference; lastKnownFileType = sourcecode.swift; path = Faculty.swift; sourceTree = "<group>"; };
		C78C1025290E4A540095BE85 /* Employee.swift */ = {isa = PBXFileReference; lastKnownFileType = sourcecode.swift; path = Employee.swift; sourceTree = "<group>"; };
		C78C1027290E4A670095BE85 /* Alumni.swift */ = {isa = PBXFileReference; lastKnownFileType = sourcecode.swift; path = Alumni.swift; sourceTree = "<group>"; };
		C78C102D290E7EC40095BE85 /* StudentEditUpdateViewController.swift */ = {isa = PBXFileReference; lastKnownFileType = sourcecode.swift; path = StudentEditUpdateViewController.swift; sourceTree = "<group>"; };
		C78C1030290FEC210095BE85 /* PersonErrors.swift */ = {isa = PBXFileReference; lastKnownFileType = sourcecode.swift; path = PersonErrors.swift; sourceTree = "<group>"; };
		C78C10322910023C0095BE85 /* Errors.swift */ = {isa = PBXFileReference; lastKnownFileType = sourcecode.swift; path = Errors.swift; sourceTree = "<group>"; };
		C78C1035291004FF0095BE85 /* Name.swift */ = {isa = PBXFileReference; lastKnownFileType = sourcecode.swift; path = Name.swift; sourceTree = "<group>"; };
		C78C1037291005300095BE85 /* Date.swift */ = {isa = PBXFileReference; lastKnownFileType = sourcecode.swift; path = Date.swift; sourceTree = "<group>"; };
		C78C10392910057A0095BE85 /* Address.swift */ = {isa = PBXFileReference; lastKnownFileType = sourcecode.swift; path = Address.swift; sourceTree = "<group>"; };
/* End PBXFileReference section */

/* Begin PBXFrameworksBuildPhase section */
		C74C84452900795800FB7754 /* Frameworks */ = {
			isa = PBXFrameworksBuildPhase;
			buildActionMask = 2147483647;
			files = (
			);
			runOnlyForDeploymentPostprocessing = 0;
		};
/* End PBXFrameworksBuildPhase section */

/* Begin PBXGroup section */
		C7335B3329116174008739E6 /* Validators */ = {
			isa = PBXGroup;
			children = (
				C7335B7629164E32008739E6 /* Validators.swift */,
				C7335B3429116221008739E6 /* PersonValidator */,
				C7335B4029142CA2008739E6 /* StudentValidator */,
			);
			path = Validators;
			sourceTree = "<group>";
		};
		C7335B3429116221008739E6 /* PersonValidator */ = {
			isa = PBXGroup;
			children = (
				C7335B3529116259008739E6 /* DateValidator.swift */,
				C7335B372912B424008739E6 /* EmailValidator.swift */,
				C7335B392912B4FC008739E6 /* MobileValidator.swift */,
				C7335B72291606DD008739E6 /* AddressValidator.swift */,
			);
			path = PersonValidator;
			sourceTree = "<group>";
		};
		C7335B4029142CA2008739E6 /* StudentValidator */ = {
			isa = PBXGroup;
			children = (
				C7335B74291632D9008739E6 /* StudentValidator.swift */,
			);
			path = StudentValidator;
			sourceTree = "<group>";
		};
		C74C843F2900795800FB7754 = {
			isa = PBXGroup;
			children = (
				C74C844A2900795800FB7754 /* Profile Management System */,
				C74C84492900795800FB7754 /* Products */,
			);
			sourceTree = "<group>";
		};
		C74C84492900795800FB7754 /* Products */ = {
			isa = PBXGroup;
			children = (
				C74C84482900795800FB7754 /* Profile Management System.app */,
			);
			name = Products;
			sourceTree = "<group>";
		};
		C74C844A2900795800FB7754 /* Profile Management System */ = {
			isa = PBXGroup;
			children = (
				C74C844B2900795800FB7754 /* AppDelegate.swift */,
				C74C844D2900795800FB7754 /* SceneDelegate.swift */,
				C74C844F2900795800FB7754 /* ViewController.swift */,
				C74C84512900795800FB7754 /* Main.storyboard */,
				C74C84542900795B00FB7754 /* Assets.xcassets */,
				C74C84562900795B00FB7754 /* LaunchScreen.storyboard */,
				C74C84592900795B00FB7754 /* Info.plist */,
				C78C1017290CC37A0095BE85 /* GlobalVariables.swift */,
				C78C1007290A1A680095BE85 /* Profile VCs */,
				C78C1012290BB0820095BE85 /* Profiles */,
				C78C102F290FEBF50095BE85 /* Errors */,
				C7335B3329116174008739E6 /* Validators */,
			);
			path = "Profile Management System";
			sourceTree = "<group>";
		};
		C78C1007290A1A680095BE85 /* Profile VCs */ = {
			isa = PBXGroup;
			children = (
				C78C100E290BAFD10095BE85 /* Student VCs */,
				C78C100F290BAFF70095BE85 /* Faculty VCs */,
				C78C1010290BB0480095BE85 /* Employee VCs */,
				C78C1011290BB0550095BE85 /* Alumni VCs */,
			);
			path = "Profile VCs";
			sourceTree = "<group>";
		};
		C78C100E290BAFD10095BE85 /* Student VCs */ = {
			isa = PBXGroup;
			children = (
				C78C1000290A00E70095BE85 /* StudentViewController.swift */,
				C78C101B290E492F0095BE85 /* Student Create VCs */,
				C78C101C290E49500095BE85 /* Student Edit VCs */,
				C78C1019290E2D020095BE85 /* StudentDisplayViewController.swift */,
			);
			path = "Student VCs";
			sourceTree = "<group>";
		};
		C78C100F290BAFF70095BE85 /* Faculty VCs */ = {
			isa = PBXGroup;
			children = (
				C78C0FFE290A001F0095BE85 /* FacultyViewController.swift */,
				C78C101D290E497A0095BE85 /* Faculty Create VCs */,
				C78C101E290E49880095BE85 /* Faculty Edit VCs */,
			);
			path = "Faculty VCs";
			sourceTree = "<group>";
		};
		C78C1010290BB0480095BE85 /* Employee VCs */ = {
			isa = PBXGroup;
			children = (
				C78C1002290A03010095BE85 /* EmployeeViewController.swift */,
				C78C101F290E49A00095BE85 /* Employee Create VCs */,
				C78C1020290E49B00095BE85 /* Employee Edit VCs */,
			);
			path = "Employee VCs";
			sourceTree = "<group>";
		};
		C78C1011290BB0550095BE85 /* Alumni VCs */ = {
			isa = PBXGroup;
			children = (
				C78C1004290A031B0095BE85 /* AlumniViewController.swift */,
				C78C1021290E49C10095BE85 /* Alumni Create VCs */,
				C78C1022290E49CC0095BE85 /* Alumni Edit VCs */,
			);
			path = "Alumni VCs";
			sourceTree = "<group>";
		};
		C78C1012290BB0820095BE85 /* Profiles */ = {
			isa = PBXGroup;
			children = (
				C78C1034291004E30095BE85 /* Person */,
				C78C100A290BA8AA0095BE85 /* Student.swift */,
				C78C1023290E4A420095BE85 /* Faculty.swift */,
				C78C1025290E4A540095BE85 /* Employee.swift */,
				C78C1027290E4A670095BE85 /* Alumni.swift */,
			);
			path = Profiles;
			sourceTree = "<group>";
		};
		C78C101B290E492F0095BE85 /* Student Create VCs */ = {
			isa = PBXGroup;
			children = (
				C78C100C290BAFC00095BE85 /* StudentCreateViewController.swift */,
			);
			path = "Student Create VCs";
			sourceTree = "<group>";
		};
		C78C101C290E49500095BE85 /* Student Edit VCs */ = {
			isa = PBXGroup;
			children = (
				C78C1013290BBBA00095BE85 /* StudentEditViewController.swift */,
				C78C102D290E7EC40095BE85 /* StudentEditUpdateViewController.swift */,
			);
			path = "Student Edit VCs";
			sourceTree = "<group>";
		};
		C78C101D290E497A0095BE85 /* Faculty Create VCs */ = {
			isa = PBXGroup;
			children = (
			);
			path = "Faculty Create VCs";
			sourceTree = "<group>";
		};
		C78C101E290E49880095BE85 /* Faculty Edit VCs */ = {
			isa = PBXGroup;
			children = (
			);
			path = "Faculty Edit VCs";
			sourceTree = "<group>";
		};
		C78C101F290E49A00095BE85 /* Employee Create VCs */ = {
			isa = PBXGroup;
			children = (
			);
			path = "Employee Create VCs";
			sourceTree = "<group>";
		};
		C78C1020290E49B00095BE85 /* Employee Edit VCs */ = {
			isa = PBXGroup;
			children = (
			);
			path = "Employee Edit VCs";
			sourceTree = "<group>";
		};
		C78C1021290E49C10095BE85 /* Alumni Create VCs */ = {
			isa = PBXGroup;
			children = (
			);
			path = "Alumni Create VCs";
			sourceTree = "<group>";
		};
		C78C1022290E49CC0095BE85 /* Alumni Edit VCs */ = {
			isa = PBXGroup;
			children = (
			);
			path = "Alumni Edit VCs";
			sourceTree = "<group>";
		};
		C78C102F290FEBF50095BE85 /* Errors */ = {
			isa = PBXGroup;
			children = (
				C78C1030290FEC210095BE85 /* PersonErrors.swift */,
				C78C10322910023C0095BE85 /* Errors.swift */,
				C7335B3E29142BEF008739E6 /* StudentErrors.swift */,
			);
			path = Errors;
			sourceTree = "<group>";
		};
		C78C1034291004E30095BE85 /* Person */ = {
			isa = PBXGroup;
			children = (
				C78C1008290B99BB0095BE85 /* Person.swift */,
				C78C1035291004FF0095BE85 /* Name.swift */,
				C78C1037291005300095BE85 /* Date.swift */,
				C78C10392910057A0095BE85 /* Address.swift */,
			);
			path = Person;
			sourceTree = "<group>";
		};
/* End PBXGroup section */

/* Begin PBXNativeTarget section */
		C74C84472900795800FB7754 /* Profile Management System */ = {
			isa = PBXNativeTarget;
			buildConfigurationList = C74C845C2900795B00FB7754 /* Build configuration list for PBXNativeTarget "Profile Management System" */;
			buildPhases = (
				C74C84442900795800FB7754 /* Sources */,
				C74C84452900795800FB7754 /* Frameworks */,
				C74C84462900795800FB7754 /* Resources */,
			);
			buildRules = (
			);
			dependencies = (
			);
			name = "Profile Management System";
			productName = "Profile Management System";
			productReference = C74C84482900795800FB7754 /* Profile Management System.app */;
			productType = "com.apple.product-type.application";
		};
/* End PBXNativeTarget section */

/* Begin PBXProject section */
		C74C84402900795800FB7754 /* Project object */ = {
			isa = PBXProject;
			attributes = {
				BuildIndependentTargetsInParallel = 1;
				LastSwiftUpdateCheck = 1320;
				LastUpgradeCheck = 1320;
				TargetAttributes = {
					C74C84472900795800FB7754 = {
						CreatedOnToolsVersion = 13.2.1;
					};
				};
			};
			buildConfigurationList = C74C84432900795800FB7754 /* Build configuration list for PBXProject "Profile Management System" */;
			compatibilityVersion = "Xcode 13.0";
			developmentRegion = en;
			hasScannedForEncodings = 0;
			knownRegions = (
				en,
				Base,
			);
			mainGroup = C74C843F2900795800FB7754;
			productRefGroup = C74C84492900795800FB7754 /* Products */;
			projectDirPath = "";
			projectRoot = "";
			targets = (
				C74C84472900795800FB7754 /* Profile Management System */,
			);
		};
/* End PBXProject section */

/* Begin PBXResourcesBuildPhase section */
		C74C84462900795800FB7754 /* Resources */ = {
			isa = PBXResourcesBuildPhase;
			buildActionMask = 2147483647;
			files = (
				C74C84582900795B00FB7754 /* LaunchScreen.storyboard in Resources */,
				C74C84552900795B00FB7754 /* Assets.xcassets in Resources */,
				C74C84532900795800FB7754 /* Main.storyboard in Resources */,
			);
			runOnlyForDeploymentPostprocessing = 0;
		};
/* End PBXResourcesBuildPhase section */

/* Begin PBXSourcesBuildPhase section */
		C74C84442900795800FB7754 /* Sources */ = {
			isa = PBXSourcesBuildPhase;
			buildActionMask = 2147483647;
			files = (
				C7335B3F29142BEF008739E6 /* StudentErrors.swift in Sources */,
				C78C100D290BAFC00095BE85 /* StudentCreateViewController.swift in Sources */,
				C78C1001290A00E70095BE85 /* StudentViewController.swift in Sources */,
				C78C102E290E7EC40095BE85 /* StudentEditUpdateViewController.swift in Sources */,
				C7335B3629116259008739E6 /* DateValidator.swift in Sources */,
				C7335B73291606DD008739E6 /* AddressValidator.swift in Sources */,
				C7335B75291632DA008739E6 /* StudentValidator.swift in Sources */,
				C78C0FFF290A001F0095BE85 /* FacultyViewController.swift in Sources */,
				C7335B382912B424008739E6 /* EmailValidator.swift in Sources */,
				C74C84502900795800FB7754 /* ViewController.swift in Sources */,
				C74C844C2900795800FB7754 /* AppDelegate.swift in Sources */,
				C7335B3A2912B4FC008739E6 /* MobileValidator.swift in Sources */,
				C7335B7729164E32008739E6 /* Validators.swift in Sources */,
				C78C1014290BBBA00095BE85 /* StudentEditViewController.swift in Sources */,
				C78C100B290BA8AA0095BE85 /* Student.swift in Sources */,
				C78C1003290A03010095BE85 /* EmployeeViewController.swift in Sources */,
				C78C1018290CC37A0095BE85 /* GlobalVariables.swift in Sources */,
				C74C844E2900795800FB7754 /* SceneDelegate.swift in Sources */,
				C78C1024290E4A420095BE85 /* Faculty.swift in Sources */,
				C78C101A290E2D020095BE85 /* StudentDisplayViewController.swift in Sources */,
				C78C1031290FEC210095BE85 /* PersonErrors.swift in Sources */,
				C78C1036291004FF0095BE85 /* Name.swift in Sources */,
				C78C1009290B99BB0095BE85 /* Person.swift in Sources */,
				C78C1038291005300095BE85 /* Date.swift in Sources */,
				C78C1028290E4A670095BE85 /* Alumni.swift in Sources */,
				C78C10332910023C0095BE85 /* Errors.swift in Sources */,
				C78C1026290E4A540095BE85 /* Employee.swift in Sources */,
				C78C103A2910057A0095BE85 /* Address.swift in Sources */,
				C78C1005290A031B0095BE85 /* AlumniViewController.swift in Sources */,
			);
			runOnlyForDeploymentPostprocessing = 0;
		};
/* End PBXSourcesBuildPhase section */

/* Begin PBXVariantGroup section */
		C74C84512900795800FB7754 /* Main.storyboard */ = {
			isa = PBXVariantGroup;
			children = (
				C74C84522900795800FB7754 /* Base */,
			);
			name = Main.storyboard;
			sourceTree = "<group>";
		};
		C74C84562900795B00FB7754 /* LaunchScreen.storyboard */ = {
			isa = PBXVariantGroup;
			children = (
				C74C84572900795B00FB7754 /* Base */,
			);
			name = LaunchScreen.storyboard;
			sourceTree = "<group>";
		};
/* End PBXVariantGroup section */

/* Begin XCBuildConfiguration section */
		C74C845A2900795B00FB7754 /* Debug */ = {
			isa = XCBuildConfiguration;
			buildSettings = {
				ALWAYS_SEARCH_USER_PATHS = NO;
				CLANG_ANALYZER_NONNULL = YES;
				CLANG_ANALYZER_NUMBER_OBJECT_CONVERSION = YES_AGGRESSIVE;
				CLANG_CXX_LANGUAGE_STANDARD = "gnu++17";
				CLANG_CXX_LIBRARY = "libc++";
				CLANG_ENABLE_MODULES = YES;
				CLANG_ENABLE_OBJC_ARC = YES;
				CLANG_ENABLE_OBJC_WEAK = YES;
				CLANG_WARN_BLOCK_CAPTURE_AUTORELEASING = YES;
				CLANG_WARN_BOOL_CONVERSION = YES;
				CLANG_WARN_COMMA = YES;
				CLANG_WARN_CONSTANT_CONVERSION = YES;
				CLANG_WARN_DEPRECATED_OBJC_IMPLEMENTATIONS = YES;
				CLANG_WARN_DIRECT_OBJC_ISA_USAGE = YES_ERROR;
				CLANG_WARN_DOCUMENTATION_COMMENTS = YES;
				CLANG_WARN_EMPTY_BODY = YES;
				CLANG_WARN_ENUM_CONVERSION = YES;
				CLANG_WARN_INFINITE_RECURSION = YES;
				CLANG_WARN_INT_CONVERSION = YES;
				CLANG_WARN_NON_LITERAL_NULL_CONVERSION = YES;
				CLANG_WARN_OBJC_IMPLICIT_RETAIN_SELF = YES;
				CLANG_WARN_OBJC_LITERAL_CONVERSION = YES;
				CLANG_WARN_OBJC_ROOT_CLASS = YES_ERROR;
				CLANG_WARN_QUOTED_INCLUDE_IN_FRAMEWORK_HEADER = YES;
				CLANG_WARN_RANGE_LOOP_ANALYSIS = YES;
				CLANG_WARN_STRICT_PROTOTYPES = YES;
				CLANG_WARN_SUSPICIOUS_MOVE = YES;
				CLANG_WARN_UNGUARDED_AVAILABILITY = YES_AGGRESSIVE;
				CLANG_WARN_UNREACHABLE_CODE = YES;
				CLANG_WARN__DUPLICATE_METHOD_MATCH = YES;
				COPY_PHASE_STRIP = NO;
				DEBUG_INFORMATION_FORMAT = dwarf;
				ENABLE_STRICT_OBJC_MSGSEND = YES;
				ENABLE_TESTABILITY = YES;
				GCC_C_LANGUAGE_STANDARD = gnu11;
				GCC_DYNAMIC_NO_PIC = NO;
				GCC_NO_COMMON_BLOCKS = YES;
				GCC_OPTIMIZATION_LEVEL = 0;
				GCC_PREPROCESSOR_DEFINITIONS = (
					"DEBUG=1",
					"$(inherited)",
				);
				GCC_WARN_64_TO_32_BIT_CONVERSION = YES;
				GCC_WARN_ABOUT_RETURN_TYPE = YES_ERROR;
				GCC_WARN_UNDECLARED_SELECTOR = YES;
				GCC_WARN_UNINITIALIZED_AUTOS = YES_AGGRESSIVE;
				GCC_WARN_UNUSED_FUNCTION = YES;
				GCC_WARN_UNUSED_VARIABLE = YES;
				IPHONEOS_DEPLOYMENT_TARGET = 15.2;
				MTL_ENABLE_DEBUG_INFO = INCLUDE_SOURCE;
				MTL_FAST_MATH = YES;
				ONLY_ACTIVE_ARCH = YES;
				SDKROOT = iphoneos;
				SWIFT_ACTIVE_COMPILATION_CONDITIONS = DEBUG;
				SWIFT_OPTIMIZATION_LEVEL = "-Onone";
			};
			name = Debug;
		};
		C74C845B2900795B00FB7754 /* Release */ = {
			isa = XCBuildConfiguration;
			buildSettings = {
				ALWAYS_SEARCH_USER_PATHS = NO;
				CLANG_ANALYZER_NONNULL = YES;
				CLANG_ANALYZER_NUMBER_OBJECT_CONVERSION = YES_AGGRESSIVE;
				CLANG_CXX_LANGUAGE_STANDARD = "gnu++17";
				CLANG_CXX_LIBRARY = "libc++";
				CLANG_ENABLE_MODULES = YES;
				CLANG_ENABLE_OBJC_ARC = YES;
				CLANG_ENABLE_OBJC_WEAK = YES;
				CLANG_WARN_BLOCK_CAPTURE_AUTORELEASING = YES;
				CLANG_WARN_BOOL_CONVERSION = YES;
				CLANG_WARN_COMMA = YES;
				CLANG_WARN_CONSTANT_CONVERSION = YES;
				CLANG_WARN_DEPRECATED_OBJC_IMPLEMENTATIONS = YES;
				CLANG_WARN_DIRECT_OBJC_ISA_USAGE = YES_ERROR;
				CLANG_WARN_DOCUMENTATION_COMMENTS = YES;
				CLANG_WARN_EMPTY_BODY = YES;
				CLANG_WARN_ENUM_CONVERSION = YES;
				CLANG_WARN_INFINITE_RECURSION = YES;
				CLANG_WARN_INT_CONVERSION = YES;
				CLANG_WARN_NON_LITERAL_NULL_CONVERSION = YES;
				CLANG_WARN_OBJC_IMPLICIT_RETAIN_SELF = YES;
				CLANG_WARN_OBJC_LITERAL_CONVERSION = YES;
				CLANG_WARN_OBJC_ROOT_CLASS = YES_ERROR;
				CLANG_WARN_QUOTED_INCLUDE_IN_FRAMEWORK_HEADER = YES;
				CLANG_WARN_RANGE_LOOP_ANALYSIS = YES;
				CLANG_WARN_STRICT_PROTOTYPES = YES;
				CLANG_WARN_SUSPICIOUS_MOVE = YES;
				CLANG_WARN_UNGUARDED_AVAILABILITY = YES_AGGRESSIVE;
				CLANG_WARN_UNREACHABLE_CODE = YES;
				CLANG_WARN__DUPLICATE_METHOD_MATCH = YES;
				COPY_PHASE_STRIP = NO;
				DEBUG_INFORMATION_FORMAT = "dwarf-with-dsym";
				ENABLE_NS_ASSERTIONS = NO;
				ENABLE_STRICT_OBJC_MSGSEND = YES;
				GCC_C_LANGUAGE_STANDARD = gnu11;
				GCC_NO_COMMON_BLOCKS = YES;
				GCC_WARN_64_TO_32_BIT_CONVERSION = YES;
				GCC_WARN_ABOUT_RETURN_TYPE = YES_ERROR;
				GCC_WARN_UNDECLARED_SELECTOR = YES;
				GCC_WARN_UNINITIALIZED_AUTOS = YES_AGGRESSIVE;
				GCC_WARN_UNUSED_FUNCTION = YES;
				GCC_WARN_UNUSED_VARIABLE = YES;
				IPHONEOS_DEPLOYMENT_TARGET = 15.2;
				MTL_ENABLE_DEBUG_INFO = NO;
				MTL_FAST_MATH = YES;
				SDKROOT = iphoneos;
				SWIFT_COMPILATION_MODE = wholemodule;
				SWIFT_OPTIMIZATION_LEVEL = "-O";
				VALIDATE_PRODUCT = YES;
			};
			name = Release;
		};
		C74C845D2900795B00FB7754 /* Debug */ = {
			isa = XCBuildConfiguration;
			buildSettings = {
				ASSETCATALOG_COMPILER_APPICON_NAME = AppIcon;
				ASSETCATALOG_COMPILER_GLOBAL_ACCENT_COLOR_NAME = AccentColor;
				CODE_SIGN_STYLE = Automatic;
				CURRENT_PROJECT_VERSION = 1;
				GENERATE_INFOPLIST_FILE = YES;
				INFOPLIST_FILE = "Profile Management System/Info.plist";
				INFOPLIST_KEY_UIApplicationSupportsIndirectInputEvents = YES;
				INFOPLIST_KEY_UILaunchStoryboardName = LaunchScreen;
				INFOPLIST_KEY_UIMainStoryboardFile = Main;
				INFOPLIST_KEY_UISupportedInterfaceOrientations_iPad = "UIInterfaceOrientationPortrait UIInterfaceOrientationPortraitUpsideDown UIInterfaceOrientationLandscapeLeft UIInterfaceOrientationLandscapeRight";
				INFOPLIST_KEY_UISupportedInterfaceOrientations_iPhone = "UIInterfaceOrientationPortrait UIInterfaceOrientationLandscapeLeft UIInterfaceOrientationLandscapeRight";
				LD_RUNPATH_SEARCH_PATHS = (
					"$(inherited)",
					"@executable_path/Frameworks",
				);
				MARKETING_VERSION = 1.0;
				PRODUCT_BUNDLE_IDENTIFIER = "sanjeevrm.Profile-Management-System";
				PRODUCT_NAME = "$(TARGET_NAME)";
				SWIFT_EMIT_LOC_STRINGS = YES;
				SWIFT_VERSION = 5.0;
				TARGETED_DEVICE_FAMILY = "1,2";
			};
			name = Debug;
		};
		C74C845E2900795B00FB7754 /* Release */ = {
			isa = XCBuildConfiguration;
			buildSettings = {
				ASSETCATALOG_COMPILER_APPICON_NAME = AppIcon;
				ASSETCATALOG_COMPILER_GLOBAL_ACCENT_COLOR_NAME = AccentColor;
				CODE_SIGN_STYLE = Automatic;
				CURRENT_PROJECT_VERSION = 1;
				GENERATE_INFOPLIST_FILE = YES;
				INFOPLIST_FILE = "Profile Management System/Info.plist";
				INFOPLIST_KEY_UIApplicationSupportsIndirectInputEvents = YES;
				INFOPLIST_KEY_UILaunchStoryboardName = LaunchScreen;
				INFOPLIST_KEY_UIMainStoryboardFile = Main;
				INFOPLIST_KEY_UISupportedInterfaceOrientations_iPad = "UIInterfaceOrientationPortrait UIInterfaceOrientationPortraitUpsideDown UIInterfaceOrientationLandscapeLeft UIInterfaceOrientationLandscapeRight";
				INFOPLIST_KEY_UISupportedInterfaceOrientations_iPhone = "UIInterfaceOrientationPortrait UIInterfaceOrientationLandscapeLeft UIInterfaceOrientationLandscapeRight";
				LD_RUNPATH_SEARCH_PATHS = (
					"$(inherited)",
					"@executable_path/Frameworks",
				);
				MARKETING_VERSION = 1.0;
				PRODUCT_BUNDLE_IDENTIFIER = "sanjeevrm.Profile-Management-System";
				PRODUCT_NAME = "$(TARGET_NAME)";
				SWIFT_EMIT_LOC_STRINGS = YES;
				SWIFT_VERSION = 5.0;
				TARGETED_DEVICE_FAMILY = "1,2";
			};
			name = Release;
		};
/* End XCBuildConfiguration section */

/* Begin XCConfigurationList section */
		C74C84432900795800FB7754 /* Build configuration list for PBXProject "Profile Management System" */ = {
			isa = XCConfigurationList;
			buildConfigurations = (
				C74C845A2900795B00FB7754 /* Debug */,
				C74C845B2900795B00FB7754 /* Release */,
			);
			defaultConfigurationIsVisible = 0;
			defaultConfigurationName = Release;
		};
		C74C845C2900795B00FB7754 /* Build configuration list for PBXNativeTarget "Profile Management System" */ = {
			isa = XCConfigurationList;
			buildConfigurations = (
				C74C845D2900795B00FB7754 /* Debug */,
				C74C845E2900795B00FB7754 /* Release */,
			);
			defaultConfigurationIsVisible = 0;
			defaultConfigurationName = Release;
		};
/* End XCConfigurationList section */
	};
	rootObject = C74C84402900795800FB7754 /* Project object */;
}
